
Microsoft Visual Studio Solution File, Format Version 12.00
# Visual Studio 2013
VisualStudioVersion = 12.0.31101.0
MinimumVisualStudioVersion = 10.0.40219.1
Project("{FAE04EC0-301F-11D3-BF4B-00C04F79EFBC}") = "MeetyChat.Models", "MeetyChat.Models\MeetyChat.Models.csproj", "{28DB39CE-B020-4B4E-90E6-51125CEA6908}"
EndProject
Project("{FAE04EC0-301F-11D3-BF4B-00C04F79EFBC}") = "MeetyChat.Data", "MeetyChat.Data\MeetyChat.Data.csproj", "{80479633-324A-47E9-87A1-037B78804269}"
EndProject
Global
	GlobalSection(SolutionConfigurationPlatforms) = preSolution
		Debug|Any CPU = Debug|Any CPU
		Release|Any CPU = Release|Any CPU
	EndGlobalSection
	GlobalSection(ProjectConfigurationPlatforms) = postSolution
		{28DB39CE-B020-4B4E-90E6-51125CEA6908}.Debug|Any CPU.ActiveCfg = Debug|Any CPU
		{28DB39CE-B020-4B4E-90E6-51125CEA6908}.Debug|Any CPU.Build.0 = Debug|Any CPU
		{28DB39CE-B020-4B4E-90E6-51125CEA6908}.Release|Any CPU.ActiveCfg = Release|Any CPU
		{28DB39CE-B020-4B4E-90E6-51125CEA6908}.Release|Any CPU.Build.0 = Release|Any CPU
		{80479633-324A-47E9-87A1-037B78804269}.Debug|Any CPU.ActiveCfg = Debug|Any CPU
		{80479633-324A-47E9-87A1-037B78804269}.Debug|Any CPU.Build.0 = Debug|Any CPU
		{80479633-324A-47E9-87A1-037B78804269}.Release|Any CPU.ActiveCfg = Release|Any CPU
		{80479633-324A-47E9-87A1-037B78804269}.Release|Any CPU.Build.0 = Release|Any CPU
	EndGlobalSection
	GlobalSection(SolutionProperties) = preSolution
		HideSolutionNode = FALSE
	EndGlobalSection
EndGlobal
